packages:
  - name: dbt_utils
    package: dbt-labs/dbt_utils
    version: 1.4.1
  - name: dbt_snowflake_monitoring
    package: get-select/dbt_snowflake_monitoring
    version: 5.6.1
  - name: dbt_semantic_view
    package: Snowflake-Labs/dbt_semantic_view
    version: 1.0.6
  - name: dbt_query_tags
    package: get-select/dbt_query_tags
    version: 3.2.0
sha1_hash: 8f68c9156986f585882b7ee3eff0700da4e42d5e
